// !$*UTF8*$!
{
	archiveVersion = 1;
	classes = {
	};
	objectVersion = 51;
	objects = {

/* Begin PBXBuildFile section */
		681CC52D26B501E200ED11BF /* GoogleService-Info.plist in Resources */ = {isa = PBXBuildFile; fileRef = 681CC52C26B501E200ED11BF /* GoogleService-Info.plist */; };
		6884708526B4FFBE00C37438 /* AppDelegate.swift in Sources */ = {isa = PBXBuildFile; fileRef = 6884708426B4FFBE00C37438 /* AppDelegate.swift */; };
		6884708726B4FFBE00C37438 /* SceneDelegate.swift in Sources */ = {isa = PBXBuildFile; fileRef = 6884708626B4FFBE00C37438 /* SceneDelegate.swift */; };
		6884708926B4FFBE00C37438 /* ViewController.swift in Sources */ = {isa = PBXBuildFile; fileRef = 6884708826B4FFBE00C37438 /* ViewController.swift */; };
		6884708C26B4FFBE00C37438 /* Main.storyboard in Resources */ = {isa = PBXBuildFile; fileRef = 6884708A26B4FFBE00C37438 /* Main.storyboard */; };
		6884708E26B4FFBF00C37438 /* Assets.xcassets in Resources */ = {isa = PBXBuildFile; fileRef = 6884708D26B4FFBF00C37438 /* Assets.xcassets */; };
		6884709126B4FFBF00C37438 /* LaunchScreen.storyboard in Resources */ = {isa = PBXBuildFile; fileRef = 6884708F26B4FFBF00C37438 /* LaunchScreen.storyboard */; };
		E72A379ED976D16044480CB9 /* Pods_ytalk_210731.framework in Frameworks */ = {isa = PBXBuildFile; fileRef = 69541C462C448EA7469ABA34 /* Pods_ytalk_210731.framework */; };
/* End PBXBuildFile section */

/* Begin PBXFileReference section */
		22A423123670BCF5C1C3B8B1 /* Pods-ytalk_210731.debug.xcconfig */ = {isa = PBXFileReference; includeInIndex = 1; lastKnownFileType = text.xcconfig; name = "Pods-ytalk_210731.debug.xcconfig"; path = "Target Support Files/Pods-ytalk_210731/Pods-ytalk_210731.debug.xcconfig"; sourceTree = "<group>"; };
		3102A3B783E766D03360CA70 /* Pods-ytalk_210731.release.xcconfig */ = {isa = PBXFileReference; includeInIndex = 1; lastKnownFileType = text.xcconfig; name = "Pods-ytalk_210731.release.xcconfig"; path = "Target Support Files/Pods-ytalk_210731/Pods-ytalk_210731.release.xcconfig"; sourceTree = "<group>"; };
		681CC52C26B501E200ED11BF /* GoogleService-Info.plist */ = {isa = PBXFileReference; fileEncoding = 4; lastKnownFileType = text.plist.xml; path = "GoogleService-Info.plist"; sourceTree = "<group>"; };
		6884708126B4FFBE00C37438 /* ytalk_210731.app */ = {isa = PBXFileReference; explicitFileType = wrapper.application; includeInIndex = 0; path = ytalk_210731.app; sourceTree = BUILT_PRODUCTS_DIR; };
		6884708426B4FFBE00C37438 /* AppDelegate.swift */ = {isa = PBXFileReference; lastKnownFileType = sourcecode.swift; path = AppDelegate.swift; sourceTree = "<group>"; };
		6884708626B4FFBE00C37438 /* SceneDelegate.swift */ = {isa = PBXFileReference; lastKnownFileType = sourcecode.swift; path = SceneDelegate.swift; sourceTree = "<group>"; };
		6884708826B4FFBE00C37438 /* ViewController.swift */ = {isa = PBXFileReference; lastKnownFileType = sourcecode.swift; path = ViewController.swift; sourceTree = "<group>"; };
		6884708B26B4FFBE00C37438 /* Base */ = {isa = PBXFileReference; lastKnownFileType = file.storyboard; name = Base; path = Base.lproj/Main.storyboard; sourceTree = "<group>"; };
		6884708D26B4FFBF00C37438 /* Assets.xcassets */ = {isa = PBXFileReference; lastKnownFileType = folder.assetcatalog; path = Assets.xcassets; sourceTree = "<group>"; };
		6884709026B4FFBF00C37438 /* Base */ = {isa = PBXFileReference; lastKnownFileType = file.storyboard; name = Base; path = Base.lproj/LaunchScreen.storyboard; sourceTree = "<group>"; };
		6884709226B4FFBF00C37438 /* Info.plist */ = {isa = PBXFileReference; lastKnownFileType = text.plist.xml; path = Info.plist; sourceTree = "<group>"; };
		69541C462C448EA7469ABA34 /* Pods_ytalk_210731.framework */ = {isa = PBXFileReference; explicitFileType = wrapper.framework; includeInIndex = 0; path = Pods_ytalk_210731.framework; sourceTree = BUILT_PRODUCTS_DIR; };
/* End PBXFileReference section */

/* Begin PBXFrameworksBuildPhase section */
		6884707E26B4FFBE00C37438 /* Frameworks */ = {
			isa = PBXFrameworksBuildPhase;
			buildActionMask = 2147483647;
			files = (
				E72A379ED976D16044480CB9 /* Pods_ytalk_210731.framework in Frameworks */,
			);
			runOnlyForDeploymentPostprocessing = 0;
		};
/* End PBXFrameworksBuildPhase section */

/* Begin PBXGroup section */
		3DDB41F2CC58D03B285CEC0C /* Frameworks */ = {
			isa = PBXGroup;
			children = (
				69541C462C448EA7469ABA34 /* Pods_ytalk_210731.framework */,
			);
			name = Frameworks;
			sourceTree = "<group>";
		};
		6884707826B4FFBE00C37438 = {
			isa = PBXGroup;
			children = (
				6884708326B4FFBE00C37438 /* ytalk_210731 */,
				6884708226B4FFBE00C37438 /* Products */,
				C81755329CB3819D5DAF9589 /* Pods */,
				3DDB41F2CC58D03B285CEC0C /* Frameworks */,
			);
			sourceTree = "<group>";
		};
		6884708226B4FFBE00C37438 /* Products */ = {
			isa = PBXGroup;
			children = (
				6884708126B4FFBE00C37438 /* ytalk_210731.app */,
			);
			name = Products;
			sourceTree = "<group>";
		};
		6884708326B4FFBE00C37438 /* ytalk_210731 */ = {
			isa = PBXGroup;
			children = (
				6884708426B4FFBE00C37438 /* AppDelegate.swift */,
				6884708626B4FFBE00C37438 /* SceneDelegate.swift */,
				6884708826B4FFBE00C37438 /* ViewController.swift */,
				6884708A26B4FFBE00C37438 /* Main.storyboard */,
				681CC52C26B501E200ED11BF /* GoogleService-Info.plist */,
				6884708D26B4FFBF00C37438 /* Assets.xcassets */,
				6884708F26B4FFBF00C37438 /* LaunchScreen.storyboard */,
				6884709226B4FFBF00C37438 /* Info.plist */,
			);
			path = ytalk_210731;
			sourceTree = "<group>";
		};
		C81755329CB3819D5DAF9589 /* Pods */ = {
			isa = PBXGroup;
			children = (
				22A423123670BCF5C1C3B8B1 /* Pods-ytalk_210731.debug.xcconfig */,
				3102A3B783E766D03360CA70 /* Pods-ytalk_210731.release.xcconfig */,
			);
			path = Pods;
			sourceTree = "<group>";
		};
/* End PBXGroup section */

/* Begin PBXNativeTarget section */
		6884708026B4FFBE00C37438 /* ytalk_210731 */ = {
			isa = PBXNativeTarget;
			buildConfigurationList = 6884709526B4FFBF00C37438 /* Build configuration list for PBXNativeTarget "ytalk_210731" */;
			buildPhases = (
				13090A06DAAB912F40CDFB2B /* [CP] Check Pods Manifest.lock */,
				6884707D26B4FFBE00C37438 /* Sources */,
				6884707E26B4FFBE00C37438 /* Frameworks */,
				6884707F26B4FFBE00C37438 /* Resources */,
				B5699CD0AFC35DBAA8A76B9D /* [CP] Embed Pods Frameworks */,
			);
			buildRules = (
			);
			dependencies = (
			);
			name = ytalk_210731;
			productName = ytalk_210731;
			productReference = 6884708126B4FFBE00C37438 /* ytalk_210731.app */;
			productType = "com.apple.product-type.application";
		};
/* End PBXNativeTarget section */

/* Begin PBXProject section */
		6884707926B4FFBE00C37438 /* Project object */ = {
			isa = PBXProject;
			attributes = {
				LastSwiftUpdateCheck = 1250;
				LastUpgradeCheck = 1250;
				TargetAttributes = {
					6884708026B4FFBE00C37438 = {
						CreatedOnToolsVersion = 12.5.1;
					};
				};
			};
			buildConfigurationList = 6884707C26B4FFBE00C37438 /* Build configuration list for PBXProject "ytalk_210731" */;
			compatibilityVersion = "Xcode 9.3";
			developmentRegion = en;
			hasScannedForEncodings = 0;
			knownRegions = (
				en,
				Base,
			);
			mainGroup = 6884707826B4FFBE00C37438;
			productRefGroup = 6884708226B4FFBE00C37438 /* Products */;
			projectDirPath = "";
			projectRoot = "";
			targets = (
				6884708026B4FFBE00C37438 /* ytalk_210731 */,
			);
		};
/* End PBXProject section */

/* Begin PBXResourcesBuildPhase section */
		6884707F26B4FFBE00C37438 /* Resources */ = {
			isa = PBXResourcesBuildPhase;
			buildActionMask = 2147483647;
			files = (
				6884709126B4FFBF00C37438 /* LaunchScreen.storyboard in Resources */,
				681CC52D26B501E200ED11BF /* GoogleService-Info.plist in Resources */,
				6884708E26B4FFBF00C37438 /* Assets.xcassets in Resources */,
				6884708C26B4FFBE00C37438 /* Main.storyboard in Resources */,
			);
			runOnlyForDeploymentPostprocessing = 0;
		};
/* End PBXResourcesBuildPhase section */

/* Begin PBXShellScriptBuildPhase section */
		13090A06DAAB912F40CDFB2B /* [CP] Check Pods Manifest.lock */ = {
			isa = PBXShellScriptBuildPhase;
			buildActionMask = 2147483647;
			files = (
			);
			inputFileListPaths = (
			);
			inputPaths = (
				"${PODS_PODFILE_DIR_PATH}/Podfile.lock",
				"${PODS_ROOT}/Manifest.lock",
			);
			name = "[CP] Check Pods Manifest.lock";
			outputFileListPaths = (
			);
			outputPaths = (
				"$(DERIVED_FILE_DIR)/Pods-ytalk_210731-checkManifestLockResult.txt",
			);
			runOnlyForDeploymentPostprocessing = 0;
			shellPath = /bin/sh;
			shellScript = "diff \"${PODS_PODFILE_DIR_PATH}/Podfile.lock\" \"${PODS_ROOT}/Manifest.lock\" > /dev/null\nif [ $? != 0 ] ; then\n    # print error to STDERR\n    echo \"error: The sandbox is not in sync with the Podfile.lock. Run 'pod install' or update your CocoaPods installation.\" >&2\n    exit 1\nfi\n# This output is used by Xcode 'outputs' to avoid re-running this script phase.\necho \"SUCCESS\" > \"${SCRIPT_OUTPUT_FILE_0}\"\n";
			showEnvVarsInLog = 0;
		};
		B5699CD0AFC35DBAA8A76B9D /* [CP] Embed Pods Frameworks */ = {
			isa = PBXShellScriptBuildPhase;
			buildActionMask = 2147483647;
			files = (
			);
			inputFileListPaths = (
				"${PODS_ROOT}/Target Support Files/Pods-ytalk_210731/Pods-ytalk_210731-frameworks-${CONFIGURATION}-input-files.xcfilelist",
			);
			name = "[CP] Embed Pods Frameworks";
			outputFileListPaths = (
				"${PODS_ROOT}/Target Support Files/Pods-ytalk_210731/Pods-ytalk_210731-frameworks-${CONFIGURATION}-output-files.xcfilelist",
			);
			runOnlyForDeploymentPostprocessing = 0;
			shellPath = /bin/sh;
			shellScript = "\"${PODS_ROOT}/Target Support Files/Pods-ytalk_210731/Pods-ytalk_210731-frameworks.sh\"\n";
			showEnvVarsInLog = 0;
		};
/* End PBXShellScriptBuildPhase section */

/* Begin PBXSourcesBuildPhase section */
		6884707D26B4FFBE00C37438 /* Sources */ = {
			isa = PBXSourcesBuildPhase;
			buildActionMask = 2147483647;
			files = (
				6884708926B4FFBE00C37438 /* ViewController.swift in Sources */,
				6884708526B4FFBE00C37438 /* AppDelegate.swift in Sources */,
				6884708726B4FFBE00C37438 /* SceneDelegate.swift in Sources */,
			);
			runOnlyForDeploymentPostprocessing = 0;
		};
/* End PBXSourcesBuildPhase section */

/* Begin PBXVariantGroup section */
		6884708A26B4FFBE00C37438 /* Main.storyboard */ = {
			isa = PBXVariantGroup;
			children = (
				6884708B26B4FFBE00C37438 /* Base */,
			);
			name = Main.storyboard;
			sourceTree = "<group>";
		};
		6884708F26B4FFBF00C37438 /* LaunchScreen.storyboard */ = {
			isa = PBXVariantGroup;
			children = (
				6884709026B4FFBF00C37438 /* Base */,
			);
			name = LaunchScreen.storyboard;
			sourceTree = "<group>";
		};
/* End PBXVariantGroup section */

/* Begin XCBuildConfiguration section */
		6884709326B4FFBF00C37438 /* Debug */ = {
			isa = XCBuildConfiguration;
			buildSettings = {
				ALWAYS_SEARCH_USER_PATHS = NO;
				CLANG_ANALYZER_NONNULL = YES;
				CLANG_ANALYZER_NUMBER_OBJECT_CONVERSION = YES_AGGRESSIVE;
				CLANG_CXX_LANGUAGE_STANDARD = "gnu++14";
				CLANG_CXX_LIBRARY = "libc++";
				CLANG_ENABLE_MODULES = YES;
				CLANG_ENABLE_OBJC_ARC = YES;
				CLANG_ENABLE_OBJC_WEAK = YES;
				CLANG_WARN_BLOCK_CAPTURE_AUTORELEASING = YES;
				CLANG_WARN_BOOL_CONVERSION = YES;
				CLANG_WARN_COMMA = YES;
				CLANG_WARN_CONSTANT_CONVERSION = YES;
				CLANG_WARN_DEPRECATED_OBJC_IMPLEMENTATIONS = YES;
				CLANG_WARN_DIRECT_OBJC_ISA_USAGE = YES_ERROR;
				CLANG_WARN_DOCUMENTATION_COMMENTS = YES;
				CLANG_WARN_EMPTY_BODY = YES;
				CLANG_WARN_ENUM_CONVERSION = YES;
				CLANG_WARN_INFINITE_RECURSION = YES;
				CLANG_WARN_INT_CONVERSION = YES;
				CLANG_WARN_NON_LITERAL_NULL_CONVERSION = YES;
				CLANG_WARN_OBJC_IMPLICIT_RETAIN_SELF = YES;
				CLANG_WARN_OBJC_LITERAL_CONVERSION = YES;
				CLANG_WARN_OBJC_ROOT_CLASS = YES_ERROR;
				CLANG_WARN_QUOTED_INCLUDE_IN_FRAMEWORK_HEADER = YES;
				CLANG_WARN_RANGE_LOOP_ANALYSIS = YES;
				CLANG_WARN_STRICT_PROTOTYPES = YES;
				CLANG_WARN_SUSPICIOUS_MOVE = YES;
				CLANG_WARN_UNGUARDED_AVAILABILITY = YES_AGGRESSIVE;
				CLANG_WARN_UNREACHABLE_CODE = YES;
				CLANG_WARN__DUPLICATE_METHOD_MATCH = YES;
				COPY_PHASE_STRIP = NO;
				DEBUG_INFORMATION_FORMAT = dwarf;
				ENABLE_STRICT_OBJC_MSGSEND = YES;
				ENABLE_TESTABILITY = YES;
				GCC_C_LANGUAGE_STANDARD = gnu11;
				GCC_DYNAMIC_NO_PIC = NO;
				GCC_NO_COMMON_BLOCKS = YES;
				GCC_OPTIMIZATION_LEVEL = 0;
				GCC_PREPROCESSOR_DEFINITIONS = (
					"DEBUG=1",
					"$(inherited)",
				);
				GCC_WARN_64_TO_32_BIT_CONVERSION = YES;
				GCC_WARN_ABOUT_RETURN_TYPE = YES_ERROR;
				GCC_WARN_UNDECLARED_SELECTOR = YES;
				GCC_WARN_UNINITIALIZED_AUTOS = YES_AGGRESSIVE;
				GCC_WARN_UNUSED_FUNCTION = YES;
				GCC_WARN_UNUSED_VARIABLE = YES;
				IPHONEOS_DEPLOYMENT_TARGET = 14.5;
				MTL_ENABLE_DEBUG_INFO = INCLUDE_SOURCE;
				MTL_FAST_MATH = YES;
				ONLY_ACTIVE_ARCH = YES;
				SDKROOT = iphoneos;
				SWIFT_ACTIVE_COMPILATION_CONDITIONS = DEBUG;
				SWIFT_OPTIMIZATION_LEVEL = "-Onone";
			};
			name = Debug;
		};
		6884709426B4FFBF00C37438 /* Release */ = {
			isa = XCBuildConfiguration;
			buildSettings = {
				ALWAYS_SEARCH_USER_PATHS = NO;
				CLANG_ANALYZER_NONNULL = YES;
				CLANG_ANALYZER_NUMBER_OBJECT_CONVERSION = YES_AGGRESSIVE;
				CLANG_CXX_LANGUAGE_STANDARD = "gnu++14";
				CLANG_CXX_LIBRARY = "libc++";
				CLANG_ENABLE_MODULES = YES;
				CLANG_ENABLE_OBJC_ARC = YES;
				CLANG_ENABLE_OBJC_WEAK = YES;
				CLANG_WARN_BLOCK_CAPTURE_AUTORELEASING = YES;
				CLANG_WARN_BOOL_CONVERSION = YES;
				CLANG_WARN_COMMA = YES;
				CLANG_WARN_CONSTANT_CONVERSION = YES;
				CLANG_WARN_DEPRECATED_OBJC_IMPLEMENTATIONS = YES;
				CLANG_WARN_DIRECT_OBJC_ISA_USAGE = YES_ERROR;
				CLANG_WARN_DOCUMENTATION_COMMENTS = YES;
				CLANG_WARN_EMPTY_BODY = YES;
				CLANG_WARN_ENUM_CONVERSION = YES;
				CLANG_WARN_INFINITE_RECURSION = YES;
				CLANG_WARN_INT_CONVERSION = YES;
				CLANG_WARN_NON_LITERAL_NULL_CONVERSION = YES;
				CLANG_WARN_OBJC_IMPLICIT_RETAIN_SELF = YES;
				CLANG_WARN_OBJC_LITERAL_CONVERSION = YES;
				CLANG_WARN_OBJC_ROOT_CLASS = YES_ERROR;
				CLANG_WARN_QUOTED_INCLUDE_IN_FRAMEWORK_HEADER = YES;
				CLANG_WARN_RANGE_LOOP_ANALYSIS = YES;
				CLANG_WARN_STRICT_PROTOTYPES = YES;
				CLANG_WARN_SUSPICIOUS_MOVE = YES;
				CLANG_WARN_UNGUARDED_AVAILABILITY = YES_AGGRESSIVE;
				CLANG_WARN_UNREACHABLE_CODE = YES;
				CLANG_WARN__DUPLICATE_METHOD_MATCH = YES;
				COPY_PHASE_STRIP = NO;
				DEBUG_INFORMATION_FORMAT = "dwarf-with-dsym";
				ENABLE_NS_ASSERTIONS = NO;
				ENABLE_STRICT_OBJC_MSGSEND = YES;
				GCC_C_LANGUAGE_STANDARD = gnu11;
				GCC_NO_COMMON_BLOCKS = YES;
				GCC_WARN_64_TO_32_BIT_CONVERSION = YES;
				GCC_WARN_ABOUT_RETURN_TYPE = YES_ERROR;
				GCC_WARN_UNDECLARED_SELECTOR = YES;
				GCC_WARN_UNINITIALIZED_AUTOS = YES_AGGRESSIVE;
				GCC_WARN_UNUSED_FUNCTION = YES;
				GCC_WARN_UNUSED_VARIABLE = YES;
				IPHONEOS_DEPLOYMENT_TARGET = 14.5;
				MTL_ENABLE_DEBUG_INFO = NO;
				MTL_FAST_MATH = YES;
				SDKROOT = iphoneos;
				SWIFT_COMPILATION_MODE = wholemodule;
				SWIFT_OPTIMIZATION_LEVEL = "-O";
				VALIDATE_PRODUCT = YES;
			};
			name = Release;
		};
		6884709626B4FFBF00C37438 /* Debug */ = {
			isa = XCBuildConfiguration;
			baseConfigurationReference = 22A423123670BCF5C1C3B8B1 /* Pods-ytalk_210731.debug.xcconfig */;
			buildSettings = {
				ASSETCATALOG_COMPILER_APPICON_NAME = AppIcon;
				ASSETCATALOG_COMPILER_GLOBAL_ACCENT_COLOR_NAME = AccentColor;
				CODE_SIGN_STYLE = Automatic;
				DEVELOPMENT_TEAM = X2BFJ3XDTG;
				INFOPLIST_FILE = ytalk_210731/Info.plist;
				LD_RUNPATH_SEARCH_PATHS = (
					"$(inherited)",
					"@executable_path/Frameworks",
				);
				PRODUCT_BUNDLE_IDENTIFIER = "com.jhy.ytalk-210731";
				PRODUCT_NAME = "$(TARGET_NAME)";
				SWIFT_VERSION = 5.0;
				TARGETED_DEVICE_FAMILY = "1,2";
			};
			name = Debug;
		};
		6884709726B4FFBF00C37438 /* Release */ = {
			isa = XCBuildConfiguration;
			baseConfigurationReference = 3102A3B783E766D03360CA70 /* Pods-ytalk_210731.release.xcconfig */;
			buildSettings = {
				ASSETCATALOG_COMPILER_APPICON_NAME = AppIcon;
				ASSETCATALOG_COMPILER_GLOBAL_ACCENT_COLOR_NAME = AccentColor;
				CODE_SIGN_STYLE = Automatic;
				DEVELOPMENT_TEAM = X2BFJ3XDTG;
				INFOPLIST_FILE = ytalk_210731/Info.plist;
				LD_RUNPATH_SEARCH_PATHS = (
					"$(inherited)",
					"@executable_path/Frameworks",
				);
				PRODUCT_BUNDLE_IDENTIFIER = "com.jhy.ytalk-210731";
				PRODUCT_NAME = "$(TARGET_NAME)";
				SWIFT_VERSION = 5.0;
				TARGETED_DEVICE_FAMILY = "1,2";
			};
			name = Release;
		};
/* End XCBuildConfiguration section */

/* Begin XCConfigurationList section */
		6884707C26B4FFBE00C37438 /* Build configuration list for PBXProject "ytalk_210731" */ = {
			isa = XCConfigurationList;
			buildConfigurations = (
				6884709326B4FFBF00C37438 /* Debug */,
				6884709426B4FFBF00C37438 /* Release */,
			);
			defaultConfigurationIsVisible = 0;
			defaultConfigurationName = Release;
		};
		6884709526B4FFBF00C37438 /* Build configuration list for PBXNativeTarget "ytalk_210731" */ = {
			isa = XCConfigurationList;
			buildConfigurations = (
				6884709626B4FFBF00C37438 /* Debug */,
				6884709726B4FFBF00C37438 /* Release */,
			);
			defaultConfigurationIsVisible = 0;
			defaultConfigurationName = Release;
		};
/* End XCConfigurationList section */
	};
	rootObject = 6884707926B4FFBE00C37438 /* Project object */;
}
