// !$*UTF8*$!
{
	archiveVersion = 1;
	classes = {
	};
	objectVersion = 50;
	objects = {

/* Begin PBXBuildFile section */
		68E9BA8326B231E3004EEBB1 /* AppDelegate.swift in Sources */ = {isa = PBXBuildFile; fileRef = 68E9BA8226B231E3004EEBB1 /* AppDelegate.swift */; };
		68E9BA8526B231E3004EEBB1 /* SceneDelegate.swift in Sources */ = {isa = PBXBuildFile; fileRef = 68E9BA8426B231E3004EEBB1 /* SceneDelegate.swift */; };
		68E9BA8726B231E3004EEBB1 /* ViewController.swift in Sources */ = {isa = PBXBuildFile; fileRef = 68E9BA8626B231E3004EEBB1 /* ViewController.swift */; };
		68E9BA8A26B231E3004EEBB1 /* Main.storyboard in Resources */ = {isa = PBXBuildFile; fileRef = 68E9BA8826B231E3004EEBB1 /* Main.storyboard */; };
		68E9BA8C26B231E4004EEBB1 /* Assets.xcassets in Resources */ = {isa = PBXBuildFile; fileRef = 68E9BA8B26B231E4004EEBB1 /* Assets.xcassets */; };
		68E9BA8F26B231E4004EEBB1 /* LaunchScreen.storyboard in Resources */ = {isa = PBXBuildFile; fileRef = 68E9BA8D26B231E4004EEBB1 /* LaunchScreen.storyboard */; };
		68E9BA9726B23227004EEBB1 /* GoogleService-Info.plist in Resources */ = {isa = PBXBuildFile; fileRef = 68E9BA9626B23227004EEBB1 /* GoogleService-Info.plist */; };
/* End PBXBuildFile section */

/* Begin PBXFileReference section */
		68E9BA7F26B231E3004EEBB1 /* dasiBom_for_dementiaPrevention.app */ = {isa = PBXFileReference; explicitFileType = wrapper.application; includeInIndex = 0; path = dasiBom_for_dementiaPrevention.app; sourceTree = BUILT_PRODUCTS_DIR; };
		68E9BA8226B231E3004EEBB1 /* AppDelegate.swift */ = {isa = PBXFileReference; lastKnownFileType = sourcecode.swift; path = AppDelegate.swift; sourceTree = "<group>"; };
		68E9BA8426B231E3004EEBB1 /* SceneDelegate.swift */ = {isa = PBXFileReference; lastKnownFileType = sourcecode.swift; path = SceneDelegate.swift; sourceTree = "<group>"; };
		68E9BA8626B231E3004EEBB1 /* ViewController.swift */ = {isa = PBXFileReference; lastKnownFileType = sourcecode.swift; path = ViewController.swift; sourceTree = "<group>"; };
		68E9BA8926B231E3004EEBB1 /* Base */ = {isa = PBXFileReference; lastKnownFileType = file.storyboard; name = Base; path = Base.lproj/Main.storyboard; sourceTree = "<group>"; };
		68E9BA8B26B231E4004EEBB1 /* Assets.xcassets */ = {isa = PBXFileReference; lastKnownFileType = folder.assetcatalog; path = Assets.xcassets; sourceTree = "<group>"; };
		68E9BA8E26B231E4004EEBB1 /* Base */ = {isa = PBXFileReference; lastKnownFileType = file.storyboard; name = Base; path = Base.lproj/LaunchScreen.storyboard; sourceTree = "<group>"; };
		68E9BA9026B231E4004EEBB1 /* Info.plist */ = {isa = PBXFileReference; lastKnownFileType = text.plist.xml; path = Info.plist; sourceTree = "<group>"; };
		68E9BA9626B23227004EEBB1 /* GoogleService-Info.plist */ = {isa = PBXFileReference; fileEncoding = 4; lastKnownFileType = text.plist.xml; path = "GoogleService-Info.plist"; sourceTree = "<group>"; };
/* End PBXFileReference section */

/* Begin PBXFrameworksBuildPhase section */
		68E9BA7C26B231E3004EEBB1 /* Frameworks */ = {
			isa = PBXFrameworksBuildPhase;
			buildActionMask = 2147483647;
			files = (
			);
			runOnlyForDeploymentPostprocessing = 0;
		};
/* End PBXFrameworksBuildPhase section */

/* Begin PBXGroup section */
		68E9BA7626B231E3004EEBB1 = {
			isa = PBXGroup;
			children = (
				68E9BA8126B231E3004EEBB1 /* dasiBom_for_dementiaPrevention */,
				68E9BA8026B231E3004EEBB1 /* Products */,
			);
			sourceTree = "<group>";
		};
		68E9BA8026B231E3004EEBB1 /* Products */ = {
			isa = PBXGroup;
			children = (
				68E9BA7F26B231E3004EEBB1 /* dasiBom_for_dementiaPrevention.app */,
			);
			name = Products;
			sourceTree = "<group>";
		};
		68E9BA8126B231E3004EEBB1 /* dasiBom_for_dementiaPrevention */ = {
			isa = PBXGroup;
			children = (
				68E9BA8226B231E3004EEBB1 /* AppDelegate.swift */,
				68E9BA8426B231E3004EEBB1 /* SceneDelegate.swift */,
				68E9BA8626B231E3004EEBB1 /* ViewController.swift */,
				68E9BA8826B231E3004EEBB1 /* Main.storyboard */,
				68E9BA8B26B231E4004EEBB1 /* Assets.xcassets */,
				68E9BA8D26B231E4004EEBB1 /* LaunchScreen.storyboard */,
				68E9BA9026B231E4004EEBB1 /* Info.plist */,
				68E9BA9626B23227004EEBB1 /* GoogleService-Info.plist */,
			);
			path = dasiBom_for_dementiaPrevention;
			sourceTree = "<group>";
		};
/* End PBXGroup section */

/* Begin PBXNativeTarget section */
		68E9BA7E26B231E3004EEBB1 /* dasiBom_for_dementiaPrevention */ = {
			isa = PBXNativeTarget;
			buildConfigurationList = 68E9BA9326B231E4004EEBB1 /* Build configuration list for PBXNativeTarget "dasiBom_for_dementiaPrevention" */;
			buildPhases = (
				68E9BA7B26B231E3004EEBB1 /* Sources */,
				68E9BA7C26B231E3004EEBB1 /* Frameworks */,
				68E9BA7D26B231E3004EEBB1 /* Resources */,
			);
			buildRules = (
			);
			dependencies = (
			);
			name = dasiBom_for_dementiaPrevention;
			productName = dasiBom_for_dementiaPrevention;
			productReference = 68E9BA7F26B231E3004EEBB1 /* dasiBom_for_dementiaPrevention.app */;
			productType = "com.apple.product-type.application";
		};
/* End PBXNativeTarget section */

/* Begin PBXProject section */
		68E9BA7726B231E3004EEBB1 /* Project object */ = {
			isa = PBXProject;
			attributes = {
				LastSwiftUpdateCheck = 1250;
				LastUpgradeCheck = 1250;
				TargetAttributes = {
					68E9BA7E26B231E3004EEBB1 = {
						CreatedOnToolsVersion = 12.5.1;
					};
				};
			};
			buildConfigurationList = 68E9BA7A26B231E3004EEBB1 /* Build configuration list for PBXProject "dasiBom_for_dementiaPrevention" */;
			compatibilityVersion = "Xcode 9.3";
			developmentRegion = en;
			hasScannedForEncodings = 0;
			knownRegions = (
				en,
				Base,
			);
			mainGroup = 68E9BA7626B231E3004EEBB1;
			productRefGroup = 68E9BA8026B231E3004EEBB1 /* Products */;
			projectDirPath = "";
			projectRoot = "";
			targets = (
				68E9BA7E26B231E3004EEBB1 /* dasiBom_for_dementiaPrevention */,
			);
		};
/* End PBXProject section */

/* Begin PBXResourcesBuildPhase section */
		68E9BA7D26B231E3004EEBB1 /* Resources */ = {
			isa = PBXResourcesBuildPhase;
			buildActionMask = 2147483647;
			files = (
				68E9BA8F26B231E4004EEBB1 /* LaunchScreen.storyboard in Resources */,
				68E9BA9726B23227004EEBB1 /* GoogleService-Info.plist in Resources */,
				68E9BA8C26B231E4004EEBB1 /* Assets.xcassets in Resources */,
				68E9BA8A26B231E3004EEBB1 /* Main.storyboard in Resources */,
			);
			runOnlyForDeploymentPostprocessing = 0;
		};
/* End PBXResourcesBuildPhase section */

/* Begin PBXSourcesBuildPhase section */
		68E9BA7B26B231E3004EEBB1 /* Sources */ = {
			isa = PBXSourcesBuildPhase;
			buildActionMask = 2147483647;
			files = (
				68E9BA8726B231E3004EEBB1 /* ViewController.swift in Sources */,
				68E9BA8326B231E3004EEBB1 /* AppDelegate.swift in Sources */,
				68E9BA8526B231E3004EEBB1 /* SceneDelegate.swift in Sources */,
			);
			runOnlyForDeploymentPostprocessing = 0;
		};
/* End PBXSourcesBuildPhase section */

/* Begin PBXVariantGroup section */
		68E9BA8826B231E3004EEBB1 /* Main.storyboard */ = {
			isa = PBXVariantGroup;
			children = (
				68E9BA8926B231E3004EEBB1 /* Base */,
			);
			name = Main.storyboard;
			sourceTree = "<group>";
		};
		68E9BA8D26B231E4004EEBB1 /* LaunchScreen.storyboard */ = {
			isa = PBXVariantGroup;
			children = (
				68E9BA8E26B231E4004EEBB1 /* Base */,
			);
			name = LaunchScreen.storyboard;
			sourceTree = "<group>";
		};
/* End PBXVariantGroup section */

/* Begin XCBuildConfiguration section */
		68E9BA9126B231E4004EEBB1 /* Debug */ = {
			isa = XCBuildConfiguration;
			buildSettings = {
				ALWAYS_SEARCH_USER_PATHS = NO;
				CLANG_ANALYZER_NONNULL = YES;
				CLANG_ANALYZER_NUMBER_OBJECT_CONVERSION = YES_AGGRESSIVE;
				CLANG_CXX_LANGUAGE_STANDARD = "gnu++14";
				CLANG_CXX_LIBRARY = "libc++";
				CLANG_ENABLE_MODULES = YES;
				CLANG_ENABLE_OBJC_ARC = YES;
				CLANG_ENABLE_OBJC_WEAK = YES;
				CLANG_WARN_BLOCK_CAPTURE_AUTORELEASING = YES;
				CLANG_WARN_BOOL_CONVERSION = YES;
				CLANG_WARN_COMMA = YES;
				CLANG_WARN_CONSTANT_CONVERSION = YES;
				CLANG_WARN_DEPRECATED_OBJC_IMPLEMENTATIONS = YES;
				CLANG_WARN_DIRECT_OBJC_ISA_USAGE = YES_ERROR;
				CLANG_WARN_DOCUMENTATION_COMMENTS = YES;
				CLANG_WARN_EMPTY_BODY = YES;
				CLANG_WARN_ENUM_CONVERSION = YES;
				CLANG_WARN_INFINITE_RECURSION = YES;
				CLANG_WARN_INT_CONVERSION = YES;
				CLANG_WARN_NON_LITERAL_NULL_CONVERSION = YES;
				CLANG_WARN_OBJC_IMPLICIT_RETAIN_SELF = YES;
				CLANG_WARN_OBJC_LITERAL_CONVERSION = YES;
				CLANG_WARN_OBJC_ROOT_CLASS = YES_ERROR;
				CLANG_WARN_QUOTED_INCLUDE_IN_FRAMEWORK_HEADER = YES;
				CLANG_WARN_RANGE_LOOP_ANALYSIS = YES;
				CLANG_WARN_STRICT_PROTOTYPES = YES;
				CLANG_WARN_SUSPICIOUS_MOVE = YES;
				CLANG_WARN_UNGUARDED_AVAILABILITY = YES_AGGRESSIVE;
				CLANG_WARN_UNREACHABLE_CODE = YES;
				CLANG_WARN__DUPLICATE_METHOD_MATCH = YES;
				COPY_PHASE_STRIP = NO;
				DEBUG_INFORMATION_FORMAT = dwarf;
				ENABLE_STRICT_OBJC_MSGSEND = YES;
				ENABLE_TESTABILITY = YES;
				GCC_C_LANGUAGE_STANDARD = gnu11;
				GCC_DYNAMIC_NO_PIC = NO;
				GCC_NO_COMMON_BLOCKS = YES;
				GCC_OPTIMIZATION_LEVEL = 0;
				GCC_PREPROCESSOR_DEFINITIONS = (
					"DEBUG=1",
					"$(inherited)",
				);
				GCC_WARN_64_TO_32_BIT_CONVERSION = YES;
				GCC_WARN_ABOUT_RETURN_TYPE = YES_ERROR;
				GCC_WARN_UNDECLARED_SELECTOR = YES;
				GCC_WARN_UNINITIALIZED_AUTOS = YES_AGGRESSIVE;
				GCC_WARN_UNUSED_FUNCTION = YES;
				GCC_WARN_UNUSED_VARIABLE = YES;
				IPHONEOS_DEPLOYMENT_TARGET = 14.5;
				MTL_ENABLE_DEBUG_INFO = INCLUDE_SOURCE;
				MTL_FAST_MATH = YES;
				ONLY_ACTIVE_ARCH = YES;
				SDKROOT = iphoneos;
				SWIFT_ACTIVE_COMPILATION_CONDITIONS = DEBUG;
				SWIFT_OPTIMIZATION_LEVEL = "-Onone";
			};
			name = Debug;
		};
		68E9BA9226B231E4004EEBB1 /* Release */ = {
			isa = XCBuildConfiguration;
			buildSettings = {
				ALWAYS_SEARCH_USER_PATHS = NO;
				CLANG_ANALYZER_NONNULL = YES;
				CLANG_ANALYZER_NUMBER_OBJECT_CONVERSION = YES_AGGRESSIVE;
				CLANG_CXX_LANGUAGE_STANDARD = "gnu++14";
				CLANG_CXX_LIBRARY = "libc++";
				CLANG_ENABLE_MODULES = YES;
				CLANG_ENABLE_OBJC_ARC = YES;
				CLANG_ENABLE_OBJC_WEAK = YES;
				CLANG_WARN_BLOCK_CAPTURE_AUTORELEASING = YES;
				CLANG_WARN_BOOL_CONVERSION = YES;
				CLANG_WARN_COMMA = YES;
				CLANG_WARN_CONSTANT_CONVERSION = YES;
				CLANG_WARN_DEPRECATED_OBJC_IMPLEMENTATIONS = YES;
				CLANG_WARN_DIRECT_OBJC_ISA_USAGE = YES_ERROR;
				CLANG_WARN_DOCUMENTATION_COMMENTS = YES;
				CLANG_WARN_EMPTY_BODY = YES;
				CLANG_WARN_ENUM_CONVERSION = YES;
				CLANG_WARN_INFINITE_RECURSION = YES;
				CLANG_WARN_INT_CONVERSION = YES;
				CLANG_WARN_NON_LITERAL_NULL_CONVERSION = YES;
				CLANG_WARN_OBJC_IMPLICIT_RETAIN_SELF = YES;
				CLANG_WARN_OBJC_LITERAL_CONVERSION = YES;
				CLANG_WARN_OBJC_ROOT_CLASS = YES_ERROR;
				CLANG_WARN_QUOTED_INCLUDE_IN_FRAMEWORK_HEADER = YES;
				CLANG_WARN_RANGE_LOOP_ANALYSIS = YES;
				CLANG_WARN_STRICT_PROTOTYPES = YES;
				CLANG_WARN_SUSPICIOUS_MOVE = YES;
				CLANG_WARN_UNGUARDED_AVAILABILITY = YES_AGGRESSIVE;
				CLANG_WARN_UNREACHABLE_CODE = YES;
				CLANG_WARN__DUPLICATE_METHOD_MATCH = YES;
				COPY_PHASE_STRIP = NO;
				DEBUG_INFORMATION_FORMAT = "dwarf-with-dsym";
				ENABLE_NS_ASSERTIONS = NO;
				ENABLE_STRICT_OBJC_MSGSEND = YES;
				GCC_C_LANGUAGE_STANDARD = gnu11;
				GCC_NO_COMMON_BLOCKS = YES;
				GCC_WARN_64_TO_32_BIT_CONVERSION = YES;
				GCC_WARN_ABOUT_RETURN_TYPE = YES_ERROR;
				GCC_WARN_UNDECLARED_SELECTOR = YES;
				GCC_WARN_UNINITIALIZED_AUTOS = YES_AGGRESSIVE;
				GCC_WARN_UNUSED_FUNCTION = YES;
				GCC_WARN_UNUSED_VARIABLE = YES;
				IPHONEOS_DEPLOYMENT_TARGET = 14.5;
				MTL_ENABLE_DEBUG_INFO = NO;
				MTL_FAST_MATH = YES;
				SDKROOT = iphoneos;
				SWIFT_COMPILATION_MODE = wholemodule;
				SWIFT_OPTIMIZATION_LEVEL = "-O";
				VALIDATE_PRODUCT = YES;
			};
			name = Release;
		};
		68E9BA9426B231E4004EEBB1 /* Debug */ = {
			isa = XCBuildConfiguration;
			buildSettings = {
				ASSETCATALOG_COMPILER_APPICON_NAME = AppIcon;
				ASSETCATALOG_COMPILER_GLOBAL_ACCENT_COLOR_NAME = AccentColor;
				CODE_SIGN_STYLE = Automatic;
				DEVELOPMENT_TEAM = X2BFJ3XDTG;
				INFOPLIST_FILE = dasiBom_for_dementiaPrevention/Info.plist;
				LD_RUNPATH_SEARCH_PATHS = (
					"$(inherited)",
					"@executable_path/Frameworks",
				);
				PRODUCT_BUNDLE_IDENTIFIER = "com.jhy.dasiBom-for-dementiaPrevention";
				PRODUCT_NAME = "$(TARGET_NAME)";
				SWIFT_VERSION = 5.0;
				TARGETED_DEVICE_FAMILY = "1,2";
			};
			name = Debug;
		};
		68E9BA9526B231E4004EEBB1 /* Release */ = {
			isa = XCBuildConfiguration;
			buildSettings = {
				ASSETCATALOG_COMPILER_APPICON_NAME = AppIcon;
				ASSETCATALOG_COMPILER_GLOBAL_ACCENT_COLOR_NAME = AccentColor;
				CODE_SIGN_STYLE = Automatic;
				DEVELOPMENT_TEAM = X2BFJ3XDTG;
				INFOPLIST_FILE = dasiBom_for_dementiaPrevention/Info.plist;
				LD_RUNPATH_SEARCH_PATHS = (
					"$(inherited)",
					"@executable_path/Frameworks",
				);
				PRODUCT_BUNDLE_IDENTIFIER = "com.jhy.dasiBom-for-dementiaPrevention";
				PRODUCT_NAME = "$(TARGET_NAME)";
				SWIFT_VERSION = 5.0;
				TARGETED_DEVICE_FAMILY = "1,2";
			};
			name = Release;
		};
/* End XCBuildConfiguration section */

/* Begin XCConfigurationList section */
		68E9BA7A26B231E3004EEBB1 /* Build configuration list for PBXProject "dasiBom_for_dementiaPrevention" */ = {
			isa = XCConfigurationList;
			buildConfigurations = (
				68E9BA9126B231E4004EEBB1 /* Debug */,
				68E9BA9226B231E4004EEBB1 /* Release */,
			);
			defaultConfigurationIsVisible = 0;
			defaultConfigurationName = Release;
		};
		68E9BA9326B231E4004EEBB1 /* Build configuration list for PBXNativeTarget "dasiBom_for_dementiaPrevention" */ = {
			isa = XCConfigurationList;
			buildConfigurations = (
				68E9BA9426B231E4004EEBB1 /* Debug */,
				68E9BA9526B231E4004EEBB1 /* Release */,
			);
			defaultConfigurationIsVisible = 0;
			defaultConfigurationName = Release;
		};
/* End XCConfigurationList section */
	};
	rootObject = 68E9BA7726B231E3004EEBB1 /* Project object */;
}
